<?xml version="1.0" encoding="UTF-8" standalone="yes" ?>
<CodeBlocks_project_file>
	<FileVersion major="1" minor="6" />
	<Project>
		<Option title="TP2_LAB2" />
		<Option pch_mode="2" />
		<Option compiler="gcc" />
		<Build>
			<Target title="Debug">
				<Option output="bin/Debug/TP2_LAB2" prefix_auto="1" extension_auto="1" />
				<Option object_output="obj/Debug/" />
				<Option type="1" />
				<Option compiler="gcc" />
				<Compiler>
					<Add option="-g" />
				</Compiler>
			</Target>
			<Target title="Release">
				<Option output="bin/Release/TP2_LAB2" prefix_auto="1" extension_auto="1" />
				<Option object_output="obj/Release/" />
				<Option type="1" />
				<Option compiler="gcc" />
				<Compiler>
					<Add option="-O2" />
				</Compiler>
				<Linker>
					<Add option="-s" />
				</Linker>
			</Target>
		</Build>
		<Compiler>
			<Add option="-Wall" />
			<Add option="-fexceptions" />
		</Compiler>
		<Unit filename="archivo.cpp" />
		<Unit filename="archivo.h" />
		<Unit filename="cobertura.cpp" />
		<Unit filename="cobertura.h" />
		<Unit filename="detalleplanfarmacologico.cpp" />
		<Unit filename="detalleplanfarmacologico.h" />
		<Unit filename="especialidad.cpp" />
		<Unit filename="especialidad.h" />
		<Unit filename="farmaco.cpp" />
		<Unit filename="farmaco.h" />
		<Unit filename="fecha.cpp" />
		<Unit filename="fecha.h" />
		<Unit filename="informes.cpp" />
		<Unit filename="informes.h" />
		<Unit filename="interfaz.cpp" />
		<Unit filename="interfaz.h" />
		<Unit filename="login.cpp" />
		<Unit filename="login.h" />
		<Unit filename="main.cpp" />
		<Unit filename="medicacion.cpp" />
		<Unit filename="medicacion.h" />
		<Unit filename="menuesadministrador.cpp" />
		<Unit filename="menuesadministrador.h" />
		<Unit filename="menuespaciente.cpp" />
		<Unit filename="menuespaciente.h" />
		<Unit filename="menuesprofesional.cpp" />
		<Unit filename="menuesprofesional.h" />
		<Unit filename="paciente.cpp" />
		<Unit filename="paciente.h" />
		<Unit filename="persona.cpp" />
		<Unit filename="persona.h" />
		<Unit filename="planfarmacologico.cpp" />
		<Unit filename="planfarmacologico.h" />
		<Unit filename="presentacion.cpp" />
		<Unit filename="presentacion.h" />
		<Unit filename="profesional.cpp" />
		<Unit filename="profesional.h" />
		<Unit filename="registro.cpp" />
		<Unit filename="registro.h" />
		<Unit filename="rlutil.h" />
		<Unit filename="ui.cpp" />
		<Unit filename="ui.h" />
		<Unit filename="usuario.cpp" />
		<Unit filename="usuario.h" />
		<Unit filename="validaciones.cpp" />
		<Unit filename="validaciones.h" />
		<Extensions>
			<lib_finder disable_auto="1" />
		</Extensions>
	</Project>
</CodeBlocks_project_file>
