<?xml version="1.0" encoding="UTF-8" standalone="yes" ?>
<CodeBlocks_project_file>
	<FileVersion major="1" minor="6" />
	<Project>
		<Option title="TP2_LAB2" />
		<Option pch_mode="2" />
		<Option compiler="gcc" />
		<Build>
			<Target title="Debug">
				<Option output="bin/Debug/TP2_LAB2" prefix_auto="1" extension_auto="1" />
				<Option object_output="obj/Debug/" />
				<Option type="1" />
				<Option compiler="gcc" />
				<Compiler>
					<Add option="-g" />
				</Compiler>
			</Target>
			<Target title="Release">
				<Option output="bin/Release/TP2_LAB2" prefix_auto="1" extension_auto="1" />
				<Option object_output="obj/Release/" />
				<Option type="1" />
				<Option compiler="gcc" />
				<Compiler>
					<Add option="-O2" />
				</Compiler>
				<Linker>
					<Add option="-s" />
				</Linker>
			</Target>
		</Build>
		<Compiler>
			<Add option="-Wall" />
			<Add option="-fexceptions" />
		</Compiler>
		<Unit filename="Interfaces/interfazcobertura.cpp" />
		<Unit filename="Interfaces/interfazcobertura.h" />
		<Unit filename="Interfaces/interfazfecha.cpp" />
		<Unit filename="Interfaces/interfazfecha.h" />
		<Unit filename="Interfaces/interfazplanfarmacologico.cpp" />
		<Unit filename="Interfaces/interfazplanfarmacologico.h" />
		<Unit filename="archivos/pacientes.dat" />
		<Unit filename="archivos/planesfarmaco.dat" />
		<Unit filename="archivos/profesionales.dat" />
		<Unit filename="archivos/usuarios.dat" />
		<Unit filename="interfaces/interfazentidades.cpp" />
		<Unit filename="interfaces/interfazentidades.h" />
		<Unit filename="main.cpp" />
		<Unit filename="menues/informes.cpp" />
		<Unit filename="menues/informes.h" />
		<Unit filename="menues/login.cpp" />
		<Unit filename="menues/login.h" />
		<Unit filename="menues/menuesadministrador.cpp" />
		<Unit filename="menues/menuesadministrador.h" />
		<Unit filename="menues/menuespaciente.cpp" />
		<Unit filename="menues/menuespaciente.h" />
		<Unit filename="menues/menuesprofesional.cpp" />
		<Unit filename="menues/menuesprofesional.h" />
		<Unit filename="modelos/archivo.cpp" />
		<Unit filename="modelos/archivo.h" />
		<Unit filename="modelos/cobertura.cpp" />
		<Unit filename="modelos/cobertura.h" />
		<Unit filename="modelos/detalleplanfarmacologico.cpp" />
		<Unit filename="modelos/detalleplanfarmacologico.h" />
		<Unit filename="modelos/especialidad.cpp" />
		<Unit filename="modelos/especialidad.h" />
		<Unit filename="modelos/farmaco.cpp" />
		<Unit filename="modelos/farmaco.h" />
		<Unit filename="modelos/fecha.cpp" />
		<Unit filename="modelos/fecha.h" />
		<Unit filename="modelos/medicacion.cpp" />
		<Unit filename="modelos/medicacion.h" />
		<Unit filename="modelos/paciente.cpp" />
		<Unit filename="modelos/paciente.h" />
		<Unit filename="modelos/persona.cpp" />
		<Unit filename="modelos/persona.h" />
		<Unit filename="modelos/planfarmacologico.cpp" />
		<Unit filename="modelos/planfarmacologico.h" />
		<Unit filename="modelos/presentacion.cpp" />
		<Unit filename="modelos/presentacion.h" />
		<Unit filename="modelos/profesional.cpp" />
		<Unit filename="modelos/profesional.h" />
		<Unit filename="modelos/registro.cpp" />
		<Unit filename="modelos/registro.h" />
		<Unit filename="modelos/usuario.cpp" />
		<Unit filename="modelos/usuario.h" />
		<Unit filename="util/rlutil.h" />
		<Unit filename="util/ui.cpp" />
		<Unit filename="util/ui.h" />
		<Unit filename="validaciones/validaciones.cpp" />
		<Unit filename="validaciones/validaciones.h" />
		<Extensions>
			<lib_finder disable_auto="1" />
		</Extensions>
	</Project>
</CodeBlocks_project_file>
